// !$*UTF8*$!
{
	archiveVersion = 1;
	classes = {
	};
	objectVersion = 56;
	objects = {

/* Begin PBXBuildFile section */
		1D3DE12A2B96F2A9004CFF02 /* 1023.swift in Sources */ = {isa = PBXBuildFile; fileRef = 1D3DE1292B96F2A9004CFF02 /* 1023.swift */; };
		1D3DE12B2B96F2A9004CFF02 /* 1023.swift in Sources */ = {isa = PBXBuildFile; fileRef = 1D3DE1292B96F2A9004CFF02 /* 1023.swift */; };
		1D3DE12D2B96FAD4004CFF02 /* Ex1023Tests.swift in Sources */ = {isa = PBXBuildFile; fileRef = 1D3DE12C2B96FAD4004CFF02 /* Ex1023Tests.swift */; };
		1D3DE12F2B9C155F004CFF02 /* 1026.swift in Sources */ = {isa = PBXBuildFile; fileRef = 1D3DE12E2B9C155F004CFF02 /* 1026.swift */; };
		1D3DE1302B9C155F004CFF02 /* 1026.swift in Sources */ = {isa = PBXBuildFile; fileRef = 1D3DE12E2B9C155F004CFF02 /* 1026.swift */; };
		1D3DE1322B9C1696004CFF02 /* Ex1026Tests.swift in Sources */ = {isa = PBXBuildFile; fileRef = 1D3DE1312B9C1696004CFF02 /* Ex1026Tests.swift */; };
		1D3F3C252B8EF71300CFC683 /* 1010.swift in Sources */ = {isa = PBXBuildFile; fileRef = 1D3F3C242B8EF71300CFC683 /* 1010.swift */; };
		1D3F3C262B8EF71300CFC683 /* 1010.swift in Sources */ = {isa = PBXBuildFile; fileRef = 1D3F3C242B8EF71300CFC683 /* 1010.swift */; };
		1D3F3C282B8EF74800CFC683 /* Ex1010Tests.swift in Sources */ = {isa = PBXBuildFile; fileRef = 1D3F3C272B8EF74800CFC683 /* Ex1010Tests.swift */; };
		1D3F3C2A2B8EFA3000CFC683 /* 1011.swift in Sources */ = {isa = PBXBuildFile; fileRef = 1D3F3C292B8EFA3000CFC683 /* 1011.swift */; };
		1D3F3C2B2B8EFA3000CFC683 /* 1011.swift in Sources */ = {isa = PBXBuildFile; fileRef = 1D3F3C292B8EFA3000CFC683 /* 1011.swift */; };
		1D3F3C2D2B8EFA4D00CFC683 /* Ex1011Tests.swift in Sources */ = {isa = PBXBuildFile; fileRef = 1D3F3C2C2B8EFA4D00CFC683 /* Ex1011Tests.swift */; };
		1D3F3C2F2B8EFB6F00CFC683 /* 1012.swift in Sources */ = {isa = PBXBuildFile; fileRef = 1D3F3C2E2B8EFB6F00CFC683 /* 1012.swift */; };
		1D3F3C302B8EFB6F00CFC683 /* 1012.swift in Sources */ = {isa = PBXBuildFile; fileRef = 1D3F3C2E2B8EFB6F00CFC683 /* 1012.swift */; };
		1D3F3C322B8EFD1600CFC683 /* Ex1012Tests.swift in Sources */ = {isa = PBXBuildFile; fileRef = 1D3F3C312B8EFD1600CFC683 /* Ex1012Tests.swift */; };
		1D3F3C352B8EFDD000CFC683 /* NumberFormatter.swift in Sources */ = {isa = PBXBuildFile; fileRef = 1D3F3C342B8EFDD000CFC683 /* NumberFormatter.swift */; };
		1D3F3C362B8EFDD000CFC683 /* NumberFormatter.swift in Sources */ = {isa = PBXBuildFile; fileRef = 1D3F3C342B8EFDD000CFC683 /* NumberFormatter.swift */; };
		1D3F3C382B8F02EB00CFC683 /* 1013.swift in Sources */ = {isa = PBXBuildFile; fileRef = 1D3F3C372B8F02EB00CFC683 /* 1013.swift */; };
		1D3F3C392B8F02EB00CFC683 /* 1013.swift in Sources */ = {isa = PBXBuildFile; fileRef = 1D3F3C372B8F02EB00CFC683 /* 1013.swift */; };
		1D3F3C3B2B8F033D00CFC683 /* Ex1013Tests.swift in Sources */ = {isa = PBXBuildFile; fileRef = 1D3F3C3A2B8F033D00CFC683 /* Ex1013Tests.swift */; };
		1D3F3C3D2B8F07A100CFC683 /* 1014.swift in Sources */ = {isa = PBXBuildFile; fileRef = 1D3F3C3C2B8F07A100CFC683 /* 1014.swift */; };
		1D3F3C3E2B8F07A100CFC683 /* 1014.swift in Sources */ = {isa = PBXBuildFile; fileRef = 1D3F3C3C2B8F07A100CFC683 /* 1014.swift */; };
		1D3F3C402B8F08AD00CFC683 /* Ex1014Tests.swift in Sources */ = {isa = PBXBuildFile; fileRef = 1D3F3C3F2B8F08AD00CFC683 /* Ex1014Tests.swift */; };
		1D3F3C452B8F15ED00CFC683 /* 1015.swift in Sources */ = {isa = PBXBuildFile; fileRef = 1D3F3C442B8F15ED00CFC683 /* 1015.swift */; };
		1D3F3C462B8F15ED00CFC683 /* 1015.swift in Sources */ = {isa = PBXBuildFile; fileRef = 1D3F3C442B8F15ED00CFC683 /* 1015.swift */; };
		1D3F3C4A2B8F16B300CFC683 /* Ex1015Tests.swift in Sources */ = {isa = PBXBuildFile; fileRef = 1D3F3C492B8F16B300CFC683 /* Ex1015Tests.swift */; };
		1D3F3C4C2B8F189E00CFC683 /* Strings+Extensions.swift in Sources */ = {isa = PBXBuildFile; fileRef = 1D3F3C4B2B8F189E00CFC683 /* Strings+Extensions.swift */; };
		1D3F3C4D2B8F189E00CFC683 /* Strings+Extensions.swift in Sources */ = {isa = PBXBuildFile; fileRef = 1D3F3C4B2B8F189E00CFC683 /* Strings+Extensions.swift */; };
		1D3F3C522B905EC700CFC683 /* Ex1000Tests.swift in Sources */ = {isa = PBXBuildFile; fileRef = 1D3F3C512B905EC700CFC683 /* Ex1000Tests.swift */; };
		1D3F3C542B905F0B00CFC683 /* Ex1001Tests.swift in Sources */ = {isa = PBXBuildFile; fileRef = 1D3F3C532B905F0B00CFC683 /* Ex1001Tests.swift */; };
		1D3F3C582B905F7400CFC683 /* Ex1002Tests.swift in Sources */ = {isa = PBXBuildFile; fileRef = 1D3F3C572B905F7400CFC683 /* Ex1002Tests.swift */; };
		1D3F3C5A2B905FC200CFC683 /* Ex1003Tests.swift in Sources */ = {isa = PBXBuildFile; fileRef = 1D3F3C592B905FC200CFC683 /* Ex1003Tests.swift */; };
		1D3F3C5C2B90602000CFC683 /* Ex1004Tests.swift in Sources */ = {isa = PBXBuildFile; fileRef = 1D3F3C5B2B90602000CFC683 /* Ex1004Tests.swift */; };
		1D3F3C5E2B90606000CFC683 /* Ex1005Tests.swift in Sources */ = {isa = PBXBuildFile; fileRef = 1D3F3C5D2B90606000CFC683 /* Ex1005Tests.swift */; };
		1D3F3C602B9061A600CFC683 /* 2454.swift in Sources */ = {isa = PBXBuildFile; fileRef = 1D3F3C5F2B9061A600CFC683 /* 2454.swift */; };
		1D3F3C612B9061A600CFC683 /* 2454.swift in Sources */ = {isa = PBXBuildFile; fileRef = 1D3F3C5F2B9061A600CFC683 /* 2454.swift */; };
		1D3F3C652B9065E300CFC683 /* Ex2454Tests.swift in Sources */ = {isa = PBXBuildFile; fileRef = 1D3F3C642B9065E300CFC683 /* Ex2454Tests.swift */; };
		1D3F3C672B906BD700CFC683 /* 1016.swift in Sources */ = {isa = PBXBuildFile; fileRef = 1D3F3C662B906BD700CFC683 /* 1016.swift */; };
		1D3F3C682B906BD700CFC683 /* 1016.swift in Sources */ = {isa = PBXBuildFile; fileRef = 1D3F3C662B906BD700CFC683 /* 1016.swift */; };
		1D3F3C6A2B906C3C00CFC683 /* Ex1016Tests.swift in Sources */ = {isa = PBXBuildFile; fileRef = 1D3F3C692B906C3C00CFC683 /* Ex1016Tests.swift */; };
		1D3F3C6C2B93084100CFC683 /* 1017.swift in Sources */ = {isa = PBXBuildFile; fileRef = 1D3F3C6B2B93084100CFC683 /* 1017.swift */; };
		1D3F3C6D2B93084100CFC683 /* 1017.swift in Sources */ = {isa = PBXBuildFile; fileRef = 1D3F3C6B2B93084100CFC683 /* 1017.swift */; };
		1D3F3C712B93097200CFC683 /* Ex1017Tests.swift in Sources */ = {isa = PBXBuildFile; fileRef = 1D3F3C702B93097200CFC683 /* Ex1017Tests.swift */; };
		1D3F3C732B930A5100CFC683 /* 1018.swift in Sources */ = {isa = PBXBuildFile; fileRef = 1D3F3C722B930A5100CFC683 /* 1018.swift */; };
		1D3F3C742B930A5200CFC683 /* 1018.swift in Sources */ = {isa = PBXBuildFile; fileRef = 1D3F3C722B930A5100CFC683 /* 1018.swift */; };
		1D3F3C782B930C0000CFC683 /* Ex1018Tests.swift in Sources */ = {isa = PBXBuildFile; fileRef = 1D3F3C772B930C0000CFC683 /* Ex1018Tests.swift */; };
		1D3F3C7A2B930D4900CFC683 /* 1019.swift in Sources */ = {isa = PBXBuildFile; fileRef = 1D3F3C792B930D4900CFC683 /* 1019.swift */; };
		1D3F3C7B2B930D4900CFC683 /* 1019.swift in Sources */ = {isa = PBXBuildFile; fileRef = 1D3F3C792B930D4900CFC683 /* 1019.swift */; };
		1D3F3C7D2B930E9B00CFC683 /* Ex1019Tests.swift in Sources */ = {isa = PBXBuildFile; fileRef = 1D3F3C7C2B930E9B00CFC683 /* Ex1019Tests.swift */; };
		1D3F3C7F2B93108A00CFC683 /* 1021.swift in Sources */ = {isa = PBXBuildFile; fileRef = 1D3F3C7E2B93108A00CFC683 /* 1021.swift */; };
		1D3F3C802B93108A00CFC683 /* 1021.swift in Sources */ = {isa = PBXBuildFile; fileRef = 1D3F3C7E2B93108A00CFC683 /* 1021.swift */; };
		1D3F3C822B9319ED00CFC683 /* Ex1021Tests.swift in Sources */ = {isa = PBXBuildFile; fileRef = 1D3F3C812B9319ED00CFC683 /* Ex1021Tests.swift */; };
		1D3F3C842B9324D700CFC683 /* 1020.swift in Sources */ = {isa = PBXBuildFile; fileRef = 1D3F3C832B9324D700CFC683 /* 1020.swift */; };
		1D3F3C852B9324D700CFC683 /* 1020.swift in Sources */ = {isa = PBXBuildFile; fileRef = 1D3F3C832B9324D700CFC683 /* 1020.swift */; };
		1D3F3C872B93259700CFC683 /* Ex1020Tests.swift in Sources */ = {isa = PBXBuildFile; fileRef = 1D3F3C862B93259700CFC683 /* Ex1020Tests.swift */; };
		1D45080D2B96BA8D00AFE8FC /* 1759.swift in Sources */ = {isa = PBXBuildFile; fileRef = 1D45080C2B96BA8D00AFE8FC /* 1759.swift */; };
		1D45080E2B96BA8D00AFE8FC /* 1759.swift in Sources */ = {isa = PBXBuildFile; fileRef = 1D45080C2B96BA8D00AFE8FC /* 1759.swift */; };
		1D4508102B96BB4800AFE8FC /* Ex1759Tests.swift in Sources */ = {isa = PBXBuildFile; fileRef = 1D45080F2B96BB4800AFE8FC /* Ex1759Tests.swift */; };
		1D4508122B96BD2B00AFE8FC /* 1024.swift in Sources */ = {isa = PBXBuildFile; fileRef = 1D4508112B96BD2B00AFE8FC /* 1024.swift */; };
		1D4508132B96BD2B00AFE8FC /* 1024.swift in Sources */ = {isa = PBXBuildFile; fileRef = 1D4508112B96BD2B00AFE8FC /* 1024.swift */; };
		1D4508152B96BD5700AFE8FC /* Ex1024Tests.swift in Sources */ = {isa = PBXBuildFile; fileRef = 1D4508142B96BD5700AFE8FC /* Ex1024Tests.swift */; };
		1DB478432B888E1500F9BAD4 /* main.swift in Sources */ = {isa = PBXBuildFile; fileRef = 1DB478422B888E1500F9BAD4 /* main.swift */; };
		1DB4784B2B888E3700F9BAD4 /* 1000.swift in Sources */ = {isa = PBXBuildFile; fileRef = 1DB4784A2B888E3700F9BAD4 /* 1000.swift */; };
		1DB4784D2B888EE000F9BAD4 /* 1001.swift in Sources */ = {isa = PBXBuildFile; fileRef = 1DB4784C2B888EE000F9BAD4 /* 1001.swift */; };
		1DB4784F2B888F4C00F9BAD4 /* 1002.swift in Sources */ = {isa = PBXBuildFile; fileRef = 1DB4784E2B888F4C00F9BAD4 /* 1002.swift */; };
		1DB478512B8890E000F9BAD4 /* 1003.swift in Sources */ = {isa = PBXBuildFile; fileRef = 1DB478502B8890E000F9BAD4 /* 1003.swift */; };
		1DB478532B8892AB00F9BAD4 /* 1004.swift in Sources */ = {isa = PBXBuildFile; fileRef = 1DB478522B8892AB00F9BAD4 /* 1004.swift */; };
		1DB478552B88937E00F9BAD4 /* 1005.swift in Sources */ = {isa = PBXBuildFile; fileRef = 1DB478542B88937E00F9BAD4 /* 1005.swift */; };
		1DB478572B88964D00F9BAD4 /* 1006.swift in Sources */ = {isa = PBXBuildFile; fileRef = 1DB478562B88964D00F9BAD4 /* 1006.swift */; };
		1DB478652B88996000F9BAD4 /* InputProvider.swift in Sources */ = {isa = PBXBuildFile; fileRef = 1DB478642B88996000F9BAD4 /* InputProvider.swift */; };
		1DB478712B88A33900F9BAD4 /* UriFramework.docc in Sources */ = {isa = PBXBuildFile; fileRef = 1DB478702B88A33900F9BAD4 /* UriFramework.docc */; };
		1DB478772B88A33900F9BAD4 /* UriFramework.framework in Frameworks */ = {isa = PBXBuildFile; fileRef = 1DB4786D2B88A33900F9BAD4 /* UriFramework.framework */; };
		1DB4787C2B88A33900F9BAD4 /* Ex1006Tests.swift in Sources */ = {isa = PBXBuildFile; fileRef = 1DB4787B2B88A33900F9BAD4 /* Ex1006Tests.swift */; };
		1DB4787D2B88A33900F9BAD4 /* UriFramework.h in Headers */ = {isa = PBXBuildFile; fileRef = 1DB4786F2B88A33900F9BAD4 /* UriFramework.h */; settings = {ATTRIBUTES = (Public, ); }; };
		1DB478842B88A34800F9BAD4 /* 1000.swift in Sources */ = {isa = PBXBuildFile; fileRef = 1DB4784A2B888E3700F9BAD4 /* 1000.swift */; };
		1DB478852B88A34800F9BAD4 /* 1004.swift in Sources */ = {isa = PBXBuildFile; fileRef = 1DB478522B8892AB00F9BAD4 /* 1004.swift */; };
		1DB478862B88A34800F9BAD4 /* 1005.swift in Sources */ = {isa = PBXBuildFile; fileRef = 1DB478542B88937E00F9BAD4 /* 1005.swift */; };
		1DB478872B88A34800F9BAD4 /* 1003.swift in Sources */ = {isa = PBXBuildFile; fileRef = 1DB478502B8890E000F9BAD4 /* 1003.swift */; };
		1DB478882B88A34800F9BAD4 /* 1006.swift in Sources */ = {isa = PBXBuildFile; fileRef = 1DB478562B88964D00F9BAD4 /* 1006.swift */; };
		1DB478892B88A34800F9BAD4 /* 1002.swift in Sources */ = {isa = PBXBuildFile; fileRef = 1DB4784E2B888F4C00F9BAD4 /* 1002.swift */; };
		1DB4788A2B88A34800F9BAD4 /* 1001.swift in Sources */ = {isa = PBXBuildFile; fileRef = 1DB4784C2B888EE000F9BAD4 /* 1001.swift */; };
		1DB4788B2B88A34E00F9BAD4 /* InputProvider.swift in Sources */ = {isa = PBXBuildFile; fileRef = 1DB478642B88996000F9BAD4 /* InputProvider.swift */; };
		1DB4788D2B88A4DE00F9BAD4 /* 1007.swift in Sources */ = {isa = PBXBuildFile; fileRef = 1DB4788C2B88A4DE00F9BAD4 /* 1007.swift */; };
		1DB4788E2B88A4DE00F9BAD4 /* 1007.swift in Sources */ = {isa = PBXBuildFile; fileRef = 1DB4788C2B88A4DE00F9BAD4 /* 1007.swift */; };
		1DB478902B88A50200F9BAD4 /* Ex1007Tests.swift in Sources */ = {isa = PBXBuildFile; fileRef = 1DB4788F2B88A50200F9BAD4 /* Ex1007Tests.swift */; };
		1DB478962B88A9BB00F9BAD4 /* 1008.swift in Sources */ = {isa = PBXBuildFile; fileRef = 1DB478952B88A9BB00F9BAD4 /* 1008.swift */; };
		1DB478972B88A9BB00F9BAD4 /* 1008.swift in Sources */ = {isa = PBXBuildFile; fileRef = 1DB478952B88A9BB00F9BAD4 /* 1008.swift */; };
		1DB478992B88AB1300F9BAD4 /* Ex1008Tests.swift in Sources */ = {isa = PBXBuildFile; fileRef = 1DB478982B88AB1300F9BAD4 /* Ex1008Tests.swift */; };
		1DB4789B2B88AD0200F9BAD4 /* 1009.swift in Sources */ = {isa = PBXBuildFile; fileRef = 1DB4789A2B88AD0200F9BAD4 /* 1009.swift */; };
		1DB4789C2B88AD0200F9BAD4 /* 1009.swift in Sources */ = {isa = PBXBuildFile; fileRef = 1DB4789A2B88AD0200F9BAD4 /* 1009.swift */; };
		1DB4789E2B88AD1C00F9BAD4 /* Ex1009Tests.swift in Sources */ = {isa = PBXBuildFile; fileRef = 1DB4789D2B88AD1C00F9BAD4 /* Ex1009Tests.swift */; };
		1DBC90032BD8A0EC00E8F435 /* 1028.swift in Sources */ = {isa = PBXBuildFile; fileRef = 1DBC90022BD8A0EC00E8F435 /* 1028.swift */; };
		1DBC90042BD8A0EC00E8F435 /* 1028.swift in Sources */ = {isa = PBXBuildFile; fileRef = 1DBC90022BD8A0EC00E8F435 /* 1028.swift */; };
		1DBC90062BD8A60000E8F435 /* Ex1028Tests.swift in Sources */ = {isa = PBXBuildFile; fileRef = 1DBC90052BD8A60000E8F435 /* Ex1028Tests.swift */; };
		1DBC90082BD8ABFE00E8F435 /* Int+Extensions.swift in Sources */ = {isa = PBXBuildFile; fileRef = 1DBC90072BD8ABFE00E8F435 /* Int+Extensions.swift */; };
		1DBC90092BD8ABFE00E8F435 /* Int+Extensions.swift in Sources */ = {isa = PBXBuildFile; fileRef = 1DBC90072BD8ABFE00E8F435 /* Int+Extensions.swift */; };
/* End PBXBuildFile section */

/* Begin PBXContainerItemProxy section */
		1DB478782B88A33900F9BAD4 /* PBXContainerItemProxy */ = {
			isa = PBXContainerItemProxy;
			containerPortal = 1DB478372B888E1500F9BAD4 /* Project object */;
			proxyType = 1;
			remoteGlobalIDString = 1DB4786C2B88A33900F9BAD4;
			remoteInfo = UriFramework;
		};
/* End PBXContainerItemProxy section */

/* Begin PBXCopyFilesBuildPhase section */
		1DB4783D2B888E1500F9BAD4 /* CopyFiles */ = {
			isa = PBXCopyFilesBuildPhase;
			buildActionMask = 2147483647;
			dstPath = /usr/share/man/man1/;
			dstSubfolderSpec = 0;
			files = (
			);
			runOnlyForDeploymentPostprocessing = 1;
		};
/* End PBXCopyFilesBuildPhase section */

/* Begin PBXFileReference section */
		1D3DE1292B96F2A9004CFF02 /* 1023.swift */ = {isa = PBXFileReference; lastKnownFileType = sourcecode.swift; path = 1023.swift; sourceTree = "<group>"; };
		1D3DE12C2B96FAD4004CFF02 /* Ex1023Tests.swift */ = {isa = PBXFileReference; lastKnownFileType = sourcecode.swift; path = Ex1023Tests.swift; sourceTree = "<group>"; };
		1D3DE12E2B9C155F004CFF02 /* 1026.swift */ = {isa = PBXFileReference; lastKnownFileType = sourcecode.swift; path = 1026.swift; sourceTree = "<group>"; };
		1D3DE1312B9C1696004CFF02 /* Ex1026Tests.swift */ = {isa = PBXFileReference; lastKnownFileType = sourcecode.swift; path = Ex1026Tests.swift; sourceTree = "<group>"; };
		1D3F3C242B8EF71300CFC683 /* 1010.swift */ = {isa = PBXFileReference; lastKnownFileType = sourcecode.swift; path = 1010.swift; sourceTree = "<group>"; };
		1D3F3C272B8EF74800CFC683 /* Ex1010Tests.swift */ = {isa = PBXFileReference; lastKnownFileType = sourcecode.swift; path = Ex1010Tests.swift; sourceTree = "<group>"; };
		1D3F3C292B8EFA3000CFC683 /* 1011.swift */ = {isa = PBXFileReference; lastKnownFileType = sourcecode.swift; path = 1011.swift; sourceTree = "<group>"; };
		1D3F3C2C2B8EFA4D00CFC683 /* Ex1011Tests.swift */ = {isa = PBXFileReference; lastKnownFileType = sourcecode.swift; path = Ex1011Tests.swift; sourceTree = "<group>"; };
		1D3F3C2E2B8EFB6F00CFC683 /* 1012.swift */ = {isa = PBXFileReference; lastKnownFileType = sourcecode.swift; path = 1012.swift; sourceTree = "<group>"; };
		1D3F3C312B8EFD1600CFC683 /* Ex1012Tests.swift */ = {isa = PBXFileReference; lastKnownFileType = sourcecode.swift; path = Ex1012Tests.swift; sourceTree = "<group>"; };
		1D3F3C342B8EFDD000CFC683 /* NumberFormatter.swift */ = {isa = PBXFileReference; lastKnownFileType = sourcecode.swift; path = NumberFormatter.swift; sourceTree = "<group>"; };
		1D3F3C372B8F02EB00CFC683 /* 1013.swift */ = {isa = PBXFileReference; lastKnownFileType = sourcecode.swift; path = 1013.swift; sourceTree = "<group>"; };
		1D3F3C3A2B8F033D00CFC683 /* Ex1013Tests.swift */ = {isa = PBXFileReference; lastKnownFileType = sourcecode.swift; path = Ex1013Tests.swift; sourceTree = "<group>"; };
		1D3F3C3C2B8F07A100CFC683 /* 1014.swift */ = {isa = PBXFileReference; lastKnownFileType = sourcecode.swift; path = 1014.swift; sourceTree = "<group>"; };
		1D3F3C3F2B8F08AD00CFC683 /* Ex1014Tests.swift */ = {isa = PBXFileReference; lastKnownFileType = sourcecode.swift; path = Ex1014Tests.swift; sourceTree = "<group>"; };
		1D3F3C442B8F15ED00CFC683 /* 1015.swift */ = {isa = PBXFileReference; lastKnownFileType = sourcecode.swift; path = 1015.swift; sourceTree = "<group>"; };
		1D3F3C492B8F16B300CFC683 /* Ex1015Tests.swift */ = {isa = PBXFileReference; lastKnownFileType = sourcecode.swift; path = Ex1015Tests.swift; sourceTree = "<group>"; };
		1D3F3C4B2B8F189E00CFC683 /* Strings+Extensions.swift */ = {isa = PBXFileReference; lastKnownFileType = sourcecode.swift; path = "Strings+Extensions.swift"; sourceTree = "<group>"; };
		1D3F3C512B905EC700CFC683 /* Ex1000Tests.swift */ = {isa = PBXFileReference; lastKnownFileType = sourcecode.swift; path = Ex1000Tests.swift; sourceTree = "<group>"; };
		1D3F3C532B905F0B00CFC683 /* Ex1001Tests.swift */ = {isa = PBXFileReference; lastKnownFileType = sourcecode.swift; path = Ex1001Tests.swift; sourceTree = "<group>"; };
		1D3F3C572B905F7400CFC683 /* Ex1002Tests.swift */ = {isa = PBXFileReference; lastKnownFileType = sourcecode.swift; path = Ex1002Tests.swift; sourceTree = "<group>"; };
		1D3F3C592B905FC200CFC683 /* Ex1003Tests.swift */ = {isa = PBXFileReference; lastKnownFileType = sourcecode.swift; path = Ex1003Tests.swift; sourceTree = "<group>"; };
		1D3F3C5B2B90602000CFC683 /* Ex1004Tests.swift */ = {isa = PBXFileReference; lastKnownFileType = sourcecode.swift; path = Ex1004Tests.swift; sourceTree = "<group>"; };
		1D3F3C5D2B90606000CFC683 /* Ex1005Tests.swift */ = {isa = PBXFileReference; lastKnownFileType = sourcecode.swift; path = Ex1005Tests.swift; sourceTree = "<group>"; };
		1D3F3C5F2B9061A600CFC683 /* 2454.swift */ = {isa = PBXFileReference; lastKnownFileType = sourcecode.swift; path = 2454.swift; sourceTree = "<group>"; };
		1D3F3C642B9065E300CFC683 /* Ex2454Tests.swift */ = {isa = PBXFileReference; lastKnownFileType = sourcecode.swift; path = Ex2454Tests.swift; sourceTree = "<group>"; };
		1D3F3C662B906BD700CFC683 /* 1016.swift */ = {isa = PBXFileReference; lastKnownFileType = sourcecode.swift; path = 1016.swift; sourceTree = "<group>"; };
		1D3F3C692B906C3C00CFC683 /* Ex1016Tests.swift */ = {isa = PBXFileReference; lastKnownFileType = sourcecode.swift; path = Ex1016Tests.swift; sourceTree = "<group>"; };
		1D3F3C6B2B93084100CFC683 /* 1017.swift */ = {isa = PBXFileReference; lastKnownFileType = sourcecode.swift; path = 1017.swift; sourceTree = "<group>"; };
		1D3F3C702B93097200CFC683 /* Ex1017Tests.swift */ = {isa = PBXFileReference; lastKnownFileType = sourcecode.swift; path = Ex1017Tests.swift; sourceTree = "<group>"; };
		1D3F3C722B930A5100CFC683 /* 1018.swift */ = {isa = PBXFileReference; lastKnownFileType = sourcecode.swift; path = 1018.swift; sourceTree = "<group>"; };
		1D3F3C772B930C0000CFC683 /* Ex1018Tests.swift */ = {isa = PBXFileReference; lastKnownFileType = sourcecode.swift; path = Ex1018Tests.swift; sourceTree = "<group>"; };
		1D3F3C792B930D4900CFC683 /* 1019.swift */ = {isa = PBXFileReference; lastKnownFileType = sourcecode.swift; path = 1019.swift; sourceTree = "<group>"; };
		1D3F3C7C2B930E9B00CFC683 /* Ex1019Tests.swift */ = {isa = PBXFileReference; lastKnownFileType = sourcecode.swift; path = Ex1019Tests.swift; sourceTree = "<group>"; };
		1D3F3C7E2B93108A00CFC683 /* 1021.swift */ = {isa = PBXFileReference; lastKnownFileType = sourcecode.swift; path = 1021.swift; sourceTree = "<group>"; };
		1D3F3C812B9319ED00CFC683 /* Ex1021Tests.swift */ = {isa = PBXFileReference; lastKnownFileType = sourcecode.swift; path = Ex1021Tests.swift; sourceTree = "<group>"; };
		1D3F3C832B9324D700CFC683 /* 1020.swift */ = {isa = PBXFileReference; lastKnownFileType = sourcecode.swift; path = 1020.swift; sourceTree = "<group>"; };
		1D3F3C862B93259700CFC683 /* Ex1020Tests.swift */ = {isa = PBXFileReference; lastKnownFileType = sourcecode.swift; path = Ex1020Tests.swift; sourceTree = "<group>"; };
		1D45080C2B96BA8D00AFE8FC /* 1759.swift */ = {isa = PBXFileReference; lastKnownFileType = sourcecode.swift; path = 1759.swift; sourceTree = "<group>"; };
		1D45080F2B96BB4800AFE8FC /* Ex1759Tests.swift */ = {isa = PBXFileReference; lastKnownFileType = sourcecode.swift; path = Ex1759Tests.swift; sourceTree = "<group>"; };
		1D4508112B96BD2B00AFE8FC /* 1024.swift */ = {isa = PBXFileReference; lastKnownFileType = sourcecode.swift; path = 1024.swift; sourceTree = "<group>"; };
		1D4508142B96BD5700AFE8FC /* Ex1024Tests.swift */ = {isa = PBXFileReference; lastKnownFileType = sourcecode.swift; path = Ex1024Tests.swift; sourceTree = "<group>"; };
		1DB4783F2B888E1500F9BAD4 /* UriExercicios */ = {isa = PBXFileReference; explicitFileType = "compiled.mach-o.executable"; includeInIndex = 0; path = UriExercicios; sourceTree = BUILT_PRODUCTS_DIR; };
		1DB478422B888E1500F9BAD4 /* main.swift */ = {isa = PBXFileReference; lastKnownFileType = sourcecode.swift; path = main.swift; sourceTree = "<group>"; };
		1DB4784A2B888E3700F9BAD4 /* 1000.swift */ = {isa = PBXFileReference; lastKnownFileType = sourcecode.swift; path = 1000.swift; sourceTree = "<group>"; };
		1DB4784C2B888EE000F9BAD4 /* 1001.swift */ = {isa = PBXFileReference; lastKnownFileType = sourcecode.swift; path = 1001.swift; sourceTree = "<group>"; };
		1DB4784E2B888F4C00F9BAD4 /* 1002.swift */ = {isa = PBXFileReference; lastKnownFileType = sourcecode.swift; path = 1002.swift; sourceTree = "<group>"; };
		1DB478502B8890E000F9BAD4 /* 1003.swift */ = {isa = PBXFileReference; lastKnownFileType = sourcecode.swift; path = 1003.swift; sourceTree = "<group>"; };
		1DB478522B8892AB00F9BAD4 /* 1004.swift */ = {isa = PBXFileReference; lastKnownFileType = sourcecode.swift; path = 1004.swift; sourceTree = "<group>"; };
		1DB478542B88937E00F9BAD4 /* 1005.swift */ = {isa = PBXFileReference; lastKnownFileType = sourcecode.swift; path = 1005.swift; sourceTree = "<group>"; };
		1DB478562B88964D00F9BAD4 /* 1006.swift */ = {isa = PBXFileReference; lastKnownFileType = sourcecode.swift; path = 1006.swift; sourceTree = "<group>"; };
		1DB478642B88996000F9BAD4 /* InputProvider.swift */ = {isa = PBXFileReference; lastKnownFileType = sourcecode.swift; path = InputProvider.swift; sourceTree = "<group>"; };
		1DB4786D2B88A33900F9BAD4 /* UriFramework.framework */ = {isa = PBXFileReference; explicitFileType = wrapper.framework; includeInIndex = 0; path = UriFramework.framework; sourceTree = BUILT_PRODUCTS_DIR; };
		1DB4786F2B88A33900F9BAD4 /* UriFramework.h */ = {isa = PBXFileReference; lastKnownFileType = sourcecode.c.h; path = UriFramework.h; sourceTree = "<group>"; };
		1DB478702B88A33900F9BAD4 /* UriFramework.docc */ = {isa = PBXFileReference; lastKnownFileType = folder.documentationcatalog; path = UriFramework.docc; sourceTree = "<group>"; };
		1DB478762B88A33900F9BAD4 /* UriFrameworkTests.xctest */ = {isa = PBXFileReference; explicitFileType = wrapper.cfbundle; includeInIndex = 0; path = UriFrameworkTests.xctest; sourceTree = BUILT_PRODUCTS_DIR; };
		1DB4787B2B88A33900F9BAD4 /* Ex1006Tests.swift */ = {isa = PBXFileReference; lastKnownFileType = sourcecode.swift; path = Ex1006Tests.swift; sourceTree = "<group>"; };
		1DB4788C2B88A4DE00F9BAD4 /* 1007.swift */ = {isa = PBXFileReference; lastKnownFileType = sourcecode.swift; path = 1007.swift; sourceTree = "<group>"; };
		1DB4788F2B88A50200F9BAD4 /* Ex1007Tests.swift */ = {isa = PBXFileReference; lastKnownFileType = sourcecode.swift; path = Ex1007Tests.swift; sourceTree = "<group>"; };
		1DB478912B88A64100F9BAD4 /* HeaderUri.swift */ = {isa = PBXFileReference; lastKnownFileType = sourcecode.swift; path = HeaderUri.swift; sourceTree = "<group>"; };
		1DB478952B88A9BB00F9BAD4 /* 1008.swift */ = {isa = PBXFileReference; lastKnownFileType = sourcecode.swift; path = 1008.swift; sourceTree = "<group>"; };
		1DB478982B88AB1300F9BAD4 /* Ex1008Tests.swift */ = {isa = PBXFileReference; lastKnownFileType = sourcecode.swift; path = Ex1008Tests.swift; sourceTree = "<group>"; };
		1DB4789A2B88AD0200F9BAD4 /* 1009.swift */ = {isa = PBXFileReference; lastKnownFileType = sourcecode.swift; path = 1009.swift; sourceTree = "<group>"; };
		1DB4789D2B88AD1C00F9BAD4 /* Ex1009Tests.swift */ = {isa = PBXFileReference; lastKnownFileType = sourcecode.swift; path = Ex1009Tests.swift; sourceTree = "<group>"; };
		1DBC90022BD8A0EC00E8F435 /* 1028.swift */ = {isa = PBXFileReference; lastKnownFileType = sourcecode.swift; path = 1028.swift; sourceTree = "<group>"; };
		1DBC90052BD8A60000E8F435 /* Ex1028Tests.swift */ = {isa = PBXFileReference; lastKnownFileType = sourcecode.swift; path = Ex1028Tests.swift; sourceTree = "<group>"; };
		1DBC90072BD8ABFE00E8F435 /* Int+Extensions.swift */ = {isa = PBXFileReference; lastKnownFileType = sourcecode.swift; path = "Int+Extensions.swift"; sourceTree = "<group>"; };
/* End PBXFileReference section */

/* Begin PBXFrameworksBuildPhase section */
		1DB4783C2B888E1500F9BAD4 /* Frameworks */ = {
			isa = PBXFrameworksBuildPhase;
			buildActionMask = 2147483647;
			files = (
			);
			runOnlyForDeploymentPostprocessing = 0;
		};
		1DB4786A2B88A33900F9BAD4 /* Frameworks */ = {
			isa = PBXFrameworksBuildPhase;
			buildActionMask = 2147483647;
			files = (
			);
			runOnlyForDeploymentPostprocessing = 0;
		};
		1DB478732B88A33900F9BAD4 /* Frameworks */ = {
			isa = PBXFrameworksBuildPhase;
			buildActionMask = 2147483647;
			files = (
				1DB478772B88A33900F9BAD4 /* UriFramework.framework in Frameworks */,
			);
			runOnlyForDeploymentPostprocessing = 0;
		};
/* End PBXFrameworksBuildPhase section */

/* Begin PBXGroup section */
		1D3F3C332B8EFDB800CFC683 /* Extensions */ = {
			isa = PBXGroup;
			children = (
				1D3F3C342B8EFDD000CFC683 /* NumberFormatter.swift */,
				1D3F3C4B2B8F189E00CFC683 /* Strings+Extensions.swift */,
				1DBC90072BD8ABFE00E8F435 /* Int+Extensions.swift */,
			);
			path = Extensions;
			sourceTree = "<group>";
		};
		1DB478362B888E1500F9BAD4 = {
			isa = PBXGroup;
			children = (
				1DB478412B888E1500F9BAD4 /* UriExercicios */,
				1DB4786E2B88A33900F9BAD4 /* UriFramework */,
				1DB4787A2B88A33900F9BAD4 /* UriFrameworkTests */,
				1DB478402B888E1500F9BAD4 /* Products */,
			);
			sourceTree = "<group>";
		};
		1DB478402B888E1500F9BAD4 /* Products */ = {
			isa = PBXGroup;
			children = (
				1DB4783F2B888E1500F9BAD4 /* UriExercicios */,
				1DB4786D2B88A33900F9BAD4 /* UriFramework.framework */,
				1DB478762B88A33900F9BAD4 /* UriFrameworkTests.xctest */,
			);
			name = Products;
			sourceTree = "<group>";
		};
		1DB478412B888E1500F9BAD4 /* UriExercicios */ = {
			isa = PBXGroup;
			children = (
				1DB478632B88995200F9BAD4 /* Aux */,
				1DB478492B888E2100F9BAD4 /* Exercícios */,
				1DB478422B888E1500F9BAD4 /* main.swift */,
			);
			path = UriExercicios;
			sourceTree = "<group>";
		};
		1DB478492B888E2100F9BAD4 /* Exercícios */ = {
			isa = PBXGroup;
			children = (
				1DB4784A2B888E3700F9BAD4 /* 1000.swift */,
				1DB4784C2B888EE000F9BAD4 /* 1001.swift */,
				1DB4784E2B888F4C00F9BAD4 /* 1002.swift */,
				1DB478502B8890E000F9BAD4 /* 1003.swift */,
				1DB478522B8892AB00F9BAD4 /* 1004.swift */,
				1DB478542B88937E00F9BAD4 /* 1005.swift */,
				1DB478562B88964D00F9BAD4 /* 1006.swift */,
				1DB4788C2B88A4DE00F9BAD4 /* 1007.swift */,
				1DB478952B88A9BB00F9BAD4 /* 1008.swift */,
				1DB4789A2B88AD0200F9BAD4 /* 1009.swift */,
				1D3F3C242B8EF71300CFC683 /* 1010.swift */,
				1D3F3C292B8EFA3000CFC683 /* 1011.swift */,
				1D3F3C2E2B8EFB6F00CFC683 /* 1012.swift */,
				1D3F3C372B8F02EB00CFC683 /* 1013.swift */,
				1D3F3C3C2B8F07A100CFC683 /* 1014.swift */,
				1D3F3C442B8F15ED00CFC683 /* 1015.swift */,
				1D3F3C662B906BD700CFC683 /* 1016.swift */,
				1D3F3C6B2B93084100CFC683 /* 1017.swift */,
				1D3F3C722B930A5100CFC683 /* 1018.swift */,
				1D3F3C792B930D4900CFC683 /* 1019.swift */,
				1D3F3C832B9324D700CFC683 /* 1020.swift */,
				1D3F3C7E2B93108A00CFC683 /* 1021.swift */,
				1D3DE1292B96F2A9004CFF02 /* 1023.swift */,
				1D4508112B96BD2B00AFE8FC /* 1024.swift */,
				1D3DE12E2B9C155F004CFF02 /* 1026.swift */,
				1DBC90022BD8A0EC00E8F435 /* 1028.swift */,
				1D45080C2B96BA8D00AFE8FC /* 1759.swift */,
				1D3F3C5F2B9061A600CFC683 /* 2454.swift */,
			);
			name = "Exercícios";
			path = "Exercícios";
			sourceTree = "<group>";
		};
		1DB478632B88995200F9BAD4 /* Aux */ = {
			isa = PBXGroup;
			children = (
				1DB478942B88A69E00F9BAD4 /* Providers */,
				1D3F3C332B8EFDB800CFC683 /* Extensions */,
				1DB478912B88A64100F9BAD4 /* HeaderUri.swift */,
			);
			path = Aux;
			sourceTree = "<group>";
		};
		1DB4786E2B88A33900F9BAD4 /* UriFramework */ = {
			isa = PBXGroup;
			children = (
				1DB4786F2B88A33900F9BAD4 /* UriFramework.h */,
				1DB478702B88A33900F9BAD4 /* UriFramework.docc */,
			);
			path = UriFramework;
			sourceTree = "<group>";
		};
		1DB4787A2B88A33900F9BAD4 /* UriFrameworkTests */ = {
			isa = PBXGroup;
			children = (
				1D3F3C512B905EC700CFC683 /* Ex1000Tests.swift */,
				1D3F3C532B905F0B00CFC683 /* Ex1001Tests.swift */,
				1D3F3C572B905F7400CFC683 /* Ex1002Tests.swift */,
				1D3F3C592B905FC200CFC683 /* Ex1003Tests.swift */,
				1D3F3C5B2B90602000CFC683 /* Ex1004Tests.swift */,
				1D3F3C5D2B90606000CFC683 /* Ex1005Tests.swift */,
				1DB4787B2B88A33900F9BAD4 /* Ex1006Tests.swift */,
				1DB4788F2B88A50200F9BAD4 /* Ex1007Tests.swift */,
				1DB478982B88AB1300F9BAD4 /* Ex1008Tests.swift */,
				1DB4789D2B88AD1C00F9BAD4 /* Ex1009Tests.swift */,
				1D3F3C272B8EF74800CFC683 /* Ex1010Tests.swift */,
				1D3F3C2C2B8EFA4D00CFC683 /* Ex1011Tests.swift */,
				1D3F3C312B8EFD1600CFC683 /* Ex1012Tests.swift */,
				1D3F3C3A2B8F033D00CFC683 /* Ex1013Tests.swift */,
				1D3F3C3F2B8F08AD00CFC683 /* Ex1014Tests.swift */,
				1D3F3C492B8F16B300CFC683 /* Ex1015Tests.swift */,
				1D3F3C692B906C3C00CFC683 /* Ex1016Tests.swift */,
				1D3F3C702B93097200CFC683 /* Ex1017Tests.swift */,
				1D3F3C772B930C0000CFC683 /* Ex1018Tests.swift */,
				1D3F3C7C2B930E9B00CFC683 /* Ex1019Tests.swift */,
				1D3F3C862B93259700CFC683 /* Ex1020Tests.swift */,
				1D3F3C812B9319ED00CFC683 /* Ex1021Tests.swift */,
				1D3DE12C2B96FAD4004CFF02 /* Ex1023Tests.swift */,
				1D4508142B96BD5700AFE8FC /* Ex1024Tests.swift */,
				1D3DE1312B9C1696004CFF02 /* Ex1026Tests.swift */,
				1DBC90052BD8A60000E8F435 /* Ex1028Tests.swift */,
				1D45080F2B96BB4800AFE8FC /* Ex1759Tests.swift */,
				1D3F3C642B9065E300CFC683 /* Ex2454Tests.swift */,
			);
			path = UriFrameworkTests;
			sourceTree = "<group>";
		};
		1DB478942B88A69E00F9BAD4 /* Providers */ = {
			isa = PBXGroup;
			children = (
				1DB478642B88996000F9BAD4 /* InputProvider.swift */,
			);
			path = Providers;
			sourceTree = "<group>";
		};
/* End PBXGroup section */

/* Begin PBXHeadersBuildPhase section */
		1DB478682B88A33900F9BAD4 /* Headers */ = {
			isa = PBXHeadersBuildPhase;
			buildActionMask = 2147483647;
			files = (
				1DB4787D2B88A33900F9BAD4 /* UriFramework.h in Headers */,
			);
			runOnlyForDeploymentPostprocessing = 0;
		};
/* End PBXHeadersBuildPhase section */

/* Begin PBXNativeTarget section */
		1DB4783E2B888E1500F9BAD4 /* UriExercicios */ = {
			isa = PBXNativeTarget;
			buildConfigurationList = 1DB478462B888E1500F9BAD4 /* Build configuration list for PBXNativeTarget "UriExercicios" */;
			buildPhases = (
				1DB4783B2B888E1500F9BAD4 /* Sources */,
				1DB4783C2B888E1500F9BAD4 /* Frameworks */,
				1DB4783D2B888E1500F9BAD4 /* CopyFiles */,
			);
			buildRules = (
			);
			dependencies = (
			);
			name = UriExercicios;
			productName = "Uri - Exercicios";
			productReference = 1DB4783F2B888E1500F9BAD4 /* UriExercicios */;
			productType = "com.apple.product-type.tool";
		};
		1DB4786C2B88A33900F9BAD4 /* UriFramework */ = {
			isa = PBXNativeTarget;
			buildConfigurationList = 1DB4787E2B88A33900F9BAD4 /* Build configuration list for PBXNativeTarget "UriFramework" */;
			buildPhases = (
				1DB478682B88A33900F9BAD4 /* Headers */,
				1DB478692B88A33900F9BAD4 /* Sources */,
				1DB4786A2B88A33900F9BAD4 /* Frameworks */,
				1DB4786B2B88A33900F9BAD4 /* Resources */,
			);
			buildRules = (
			);
			dependencies = (
			);
			name = UriFramework;
			productName = UriFramework;
			productReference = 1DB4786D2B88A33900F9BAD4 /* UriFramework.framework */;
			productType = "com.apple.product-type.framework";
		};
		1DB478752B88A33900F9BAD4 /* UriFrameworkTests */ = {
			isa = PBXNativeTarget;
			buildConfigurationList = 1DB478812B88A33900F9BAD4 /* Build configuration list for PBXNativeTarget "UriFrameworkTests" */;
			buildPhases = (
				1DB478722B88A33900F9BAD4 /* Sources */,
				1DB478732B88A33900F9BAD4 /* Frameworks */,
				1DB478742B88A33900F9BAD4 /* Resources */,
			);
			buildRules = (
			);
			dependencies = (
				1DB478792B88A33900F9BAD4 /* PBXTargetDependency */,
			);
			name = UriFrameworkTests;
			productName = UriFrameworkTests;
			productReference = 1DB478762B88A33900F9BAD4 /* UriFrameworkTests.xctest */;
			productType = "com.apple.product-type.bundle.unit-test";
		};
/* End PBXNativeTarget section */

/* Begin PBXProject section */
		1DB478372B888E1500F9BAD4 /* Project object */ = {
			isa = PBXProject;
			attributes = {
				BuildIndependentTargetsInParallel = 1;
				LastSwiftUpdateCheck = 1520;
				LastUpgradeCheck = 1520;
				TargetAttributes = {
					1DB4783E2B888E1500F9BAD4 = {
						CreatedOnToolsVersion = 15.2;
					};
					1DB4786C2B88A33900F9BAD4 = {
						CreatedOnToolsVersion = 15.2;
					};
					1DB478752B88A33900F9BAD4 = {
						CreatedOnToolsVersion = 15.2;
					};
				};
			};
			buildConfigurationList = 1DB4783A2B888E1500F9BAD4 /* Build configuration list for PBXProject "UriExercicios" */;
			compatibilityVersion = "Xcode 14.0";
			developmentRegion = en;
			hasScannedForEncodings = 0;
			knownRegions = (
				en,
				Base,
			);
			mainGroup = 1DB478362B888E1500F9BAD4;
			productRefGroup = 1DB478402B888E1500F9BAD4 /* Products */;
			projectDirPath = "";
			projectRoot = "";
			targets = (
				1DB4783E2B888E1500F9BAD4 /* UriExercicios */,
				1DB4786C2B88A33900F9BAD4 /* UriFramework */,
				1DB478752B88A33900F9BAD4 /* UriFrameworkTests */,
			);
		};
/* End PBXProject section */

/* Begin PBXResourcesBuildPhase section */
		1DB4786B2B88A33900F9BAD4 /* Resources */ = {
			isa = PBXResourcesBuildPhase;
			buildActionMask = 2147483647;
			files = (
			);
			runOnlyForDeploymentPostprocessing = 0;
		};
		1DB478742B88A33900F9BAD4 /* Resources */ = {
			isa = PBXResourcesBuildPhase;
			buildActionMask = 2147483647;
			files = (
			);
			runOnlyForDeploymentPostprocessing = 0;
		};
/* End PBXResourcesBuildPhase section */

/* Begin PBXSourcesBuildPhase section */
		1DB4783B2B888E1500F9BAD4 /* Sources */ = {
			isa = PBXSourcesBuildPhase;
			buildActionMask = 2147483647;
			files = (
				1DB4784F2B888F4C00F9BAD4 /* 1002.swift in Sources */,
				1DB4784B2B888E3700F9BAD4 /* 1000.swift in Sources */,
				1D3F3C7A2B930D4900CFC683 /* 1019.swift in Sources */,
				1D3F3C602B9061A600CFC683 /* 2454.swift in Sources */,
				1DB478962B88A9BB00F9BAD4 /* 1008.swift in Sources */,
				1D3F3C7F2B93108A00CFC683 /* 1021.swift in Sources */,
				1DB478532B8892AB00F9BAD4 /* 1004.swift in Sources */,
				1D3DE12A2B96F2A9004CFF02 /* 1023.swift in Sources */,
				1D3F3C6C2B93084100CFC683 /* 1017.swift in Sources */,
				1D3F3C352B8EFDD000CFC683 /* NumberFormatter.swift in Sources */,
				1D3F3C732B930A5100CFC683 /* 1018.swift in Sources */,
				1DB4788D2B88A4DE00F9BAD4 /* 1007.swift in Sources */,
				1DB478432B888E1500F9BAD4 /* main.swift in Sources */,
				1D3F3C2A2B8EFA3000CFC683 /* 1011.swift in Sources */,
				1D3F3C672B906BD700CFC683 /* 1016.swift in Sources */,
				1D3F3C3D2B8F07A100CFC683 /* 1014.swift in Sources */,
				1DBC90032BD8A0EC00E8F435 /* 1028.swift in Sources */,
				1DB478652B88996000F9BAD4 /* InputProvider.swift in Sources */,
				1DBC90082BD8ABFE00E8F435 /* Int+Extensions.swift in Sources */,
				1D3F3C382B8F02EB00CFC683 /* 1013.swift in Sources */,
				1D4508122B96BD2B00AFE8FC /* 1024.swift in Sources */,
				1D3F3C452B8F15ED00CFC683 /* 1015.swift in Sources */,
				1D3F3C2F2B8EFB6F00CFC683 /* 1012.swift in Sources */,
				1D3F3C842B9324D700CFC683 /* 1020.swift in Sources */,
				1DB478572B88964D00F9BAD4 /* 1006.swift in Sources */,
				1D3F3C4C2B8F189E00CFC683 /* Strings+Extensions.swift in Sources */,
				1D3DE12F2B9C155F004CFF02 /* 1026.swift in Sources */,
				1D3F3C252B8EF71300CFC683 /* 1010.swift in Sources */,
				1D45080D2B96BA8D00AFE8FC /* 1759.swift in Sources */,
				1DB478552B88937E00F9BAD4 /* 1005.swift in Sources */,
				1DB478512B8890E000F9BAD4 /* 1003.swift in Sources */,
				1DB4784D2B888EE000F9BAD4 /* 1001.swift in Sources */,
				1DB4789B2B88AD0200F9BAD4 /* 1009.swift in Sources */,
			);
			runOnlyForDeploymentPostprocessing = 0;
		};
		1DB478692B88A33900F9BAD4 /* Sources */ = {
			isa = PBXSourcesBuildPhase;
			buildActionMask = 2147483647;
			files = (
				1DB478842B88A34800F9BAD4 /* 1000.swift in Sources */,
				1DB478712B88A33900F9BAD4 /* UriFramework.docc in Sources */,
				1D3F3C7B2B930D4900CFC683 /* 1019.swift in Sources */,
				1D3F3C612B9061A600CFC683 /* 2454.swift in Sources */,
				1DB478972B88A9BB00F9BAD4 /* 1008.swift in Sources */,
				1D3F3C802B93108A00CFC683 /* 1021.swift in Sources */,
				1DB478882B88A34800F9BAD4 /* 1006.swift in Sources */,
				1D3DE12B2B96F2A9004CFF02 /* 1023.swift in Sources */,
				1D3F3C6D2B93084100CFC683 /* 1017.swift in Sources */,
				1D3F3C362B8EFDD000CFC683 /* NumberFormatter.swift in Sources */,
				1D3F3C742B930A5200CFC683 /* 1018.swift in Sources */,
				1DB4788E2B88A4DE00F9BAD4 /* 1007.swift in Sources */,
				1DB478852B88A34800F9BAD4 /* 1004.swift in Sources */,
				1D3F3C2B2B8EFA3000CFC683 /* 1011.swift in Sources */,
				1D3F3C682B906BD700CFC683 /* 1016.swift in Sources */,
				1D3F3C3E2B8F07A100CFC683 /* 1014.swift in Sources */,
				1DBC90042BD8A0EC00E8F435 /* 1028.swift in Sources */,
				1DB4788B2B88A34E00F9BAD4 /* InputProvider.swift in Sources */,
				1DBC90092BD8ABFE00E8F435 /* Int+Extensions.swift in Sources */,
				1D3F3C392B8F02EB00CFC683 /* 1013.swift in Sources */,
				1D4508132B96BD2B00AFE8FC /* 1024.swift in Sources */,
				1D3F3C462B8F15ED00CFC683 /* 1015.swift in Sources */,
				1D3F3C302B8EFB6F00CFC683 /* 1012.swift in Sources */,
				1D3F3C852B9324D700CFC683 /* 1020.swift in Sources */,
				1DB478872B88A34800F9BAD4 /* 1003.swift in Sources */,
				1D3F3C4D2B8F189E00CFC683 /* Strings+Extensions.swift in Sources */,
				1D3DE1302B9C155F004CFF02 /* 1026.swift in Sources */,
				1D3F3C262B8EF71300CFC683 /* 1010.swift in Sources */,
				1D45080E2B96BA8D00AFE8FC /* 1759.swift in Sources */,
				1DB478862B88A34800F9BAD4 /* 1005.swift in Sources */,
				1DB478892B88A34800F9BAD4 /* 1002.swift in Sources */,
				1DB4788A2B88A34800F9BAD4 /* 1001.swift in Sources */,
				1DB4789C2B88AD0200F9BAD4 /* 1009.swift in Sources */,
			);
			runOnlyForDeploymentPostprocessing = 0;
		};
		1DB478722B88A33900F9BAD4 /* Sources */ = {
			isa = PBXSourcesBuildPhase;
			buildActionMask = 2147483647;
			files = (
				1D3F3C322B8EFD1600CFC683 /* Ex1012Tests.swift in Sources */,
				1D3F3C3B2B8F033D00CFC683 /* Ex1013Tests.swift in Sources */,
				1D3F3C5E2B90606000CFC683 /* Ex1005Tests.swift in Sources */,
				1D3F3C5A2B905FC200CFC683 /* Ex1003Tests.swift in Sources */,
				1D4508152B96BD5700AFE8FC /* Ex1024Tests.swift in Sources */,
				1D3F3C522B905EC700CFC683 /* Ex1000Tests.swift in Sources */,
				1D3DE1322B9C1696004CFF02 /* Ex1026Tests.swift in Sources */,
				1DB478992B88AB1300F9BAD4 /* Ex1008Tests.swift in Sources */,
				1DB478902B88A50200F9BAD4 /* Ex1007Tests.swift in Sources */,
				1D3F3C402B8F08AD00CFC683 /* Ex1014Tests.swift in Sources */,
				1D3F3C6A2B906C3C00CFC683 /* Ex1016Tests.swift in Sources */,
				1DBC90062BD8A60000E8F435 /* Ex1028Tests.swift in Sources */,
				1D3F3C5C2B90602000CFC683 /* Ex1004Tests.swift in Sources */,
				1D4508102B96BB4800AFE8FC /* Ex1759Tests.swift in Sources */,
				1D3DE12D2B96FAD4004CFF02 /* Ex1023Tests.swift in Sources */,
				1D3F3C542B905F0B00CFC683 /* Ex1001Tests.swift in Sources */,
				1D3F3C652B9065E300CFC683 /* Ex2454Tests.swift in Sources */,
				1D3F3C4A2B8F16B300CFC683 /* Ex1015Tests.swift in Sources */,
				1D3F3C7D2B930E9B00CFC683 /* Ex1019Tests.swift in Sources */,
				1D3F3C822B9319ED00CFC683 /* Ex1021Tests.swift in Sources */,
				1DB4789E2B88AD1C00F9BAD4 /* Ex1009Tests.swift in Sources */,
				1D3F3C2D2B8EFA4D00CFC683 /* Ex1011Tests.swift in Sources */,
				1D3F3C282B8EF74800CFC683 /* Ex1010Tests.swift in Sources */,
				1D3F3C872B93259700CFC683 /* Ex1020Tests.swift in Sources */,
				1D3F3C712B93097200CFC683 /* Ex1017Tests.swift in Sources */,
				1DB4787C2B88A33900F9BAD4 /* Ex1006Tests.swift in Sources */,
				1D3F3C782B930C0000CFC683 /* Ex1018Tests.swift in Sources */,
				1D3F3C582B905F7400CFC683 /* Ex1002Tests.swift in Sources */,
			);
			runOnlyForDeploymentPostprocessing = 0;
		};
/* End PBXSourcesBuildPhase section */

/* Begin PBXTargetDependency section */
		1DB478792B88A33900F9BAD4 /* PBXTargetDependency */ = {
			isa = PBXTargetDependency;
			target = 1DB4786C2B88A33900F9BAD4 /* UriFramework */;
			targetProxy = 1DB478782B88A33900F9BAD4 /* PBXContainerItemProxy */;
		};
/* End PBXTargetDependency section */

/* Begin XCBuildConfiguration section */
		1DB478442B888E1500F9BAD4 /* Debug */ = {
			isa = XCBuildConfiguration;
			buildSettings = {
				ALWAYS_SEARCH_USER_PATHS = NO;
				ASSETCATALOG_COMPILER_GENERATE_SWIFT_ASSET_SYMBOL_EXTENSIONS = YES;
				CLANG_ANALYZER_NONNULL = YES;
				CLANG_ANALYZER_NUMBER_OBJECT_CONVERSION = YES_AGGRESSIVE;
				CLANG_CXX_LANGUAGE_STANDARD = "gnu++20";
				CLANG_ENABLE_MODULES = YES;
				CLANG_ENABLE_OBJC_ARC = YES;
				CLANG_ENABLE_OBJC_WEAK = YES;
				CLANG_WARN_BLOCK_CAPTURE_AUTORELEASING = YES;
				CLANG_WARN_BOOL_CONVERSION = YES;
				CLANG_WARN_COMMA = YES;
				CLANG_WARN_CONSTANT_CONVERSION = YES;
				CLANG_WARN_DEPRECATED_OBJC_IMPLEMENTATIONS = YES;
				CLANG_WARN_DIRECT_OBJC_ISA_USAGE = YES_ERROR;
				CLANG_WARN_DOCUMENTATION_COMMENTS = YES;
				CLANG_WARN_EMPTY_BODY = YES;
				CLANG_WARN_ENUM_CONVERSION = YES;
				CLANG_WARN_INFINITE_RECURSION = YES;
				CLANG_WARN_INT_CONVERSION = YES;
				CLANG_WARN_NON_LITERAL_NULL_CONVERSION = YES;
				CLANG_WARN_OBJC_IMPLICIT_RETAIN_SELF = YES;
				CLANG_WARN_OBJC_LITERAL_CONVERSION = YES;
				CLANG_WARN_OBJC_ROOT_CLASS = YES_ERROR;
				CLANG_WARN_QUOTED_INCLUDE_IN_FRAMEWORK_HEADER = YES;
				CLANG_WARN_RANGE_LOOP_ANALYSIS = YES;
				CLANG_WARN_STRICT_PROTOTYPES = YES;
				CLANG_WARN_SUSPICIOUS_MOVE = YES;
				CLANG_WARN_UNGUARDED_AVAILABILITY = YES_AGGRESSIVE;
				CLANG_WARN_UNREACHABLE_CODE = YES;
				CLANG_WARN__DUPLICATE_METHOD_MATCH = YES;
				COPY_PHASE_STRIP = NO;
				DEBUG_INFORMATION_FORMAT = dwarf;
				ENABLE_STRICT_OBJC_MSGSEND = YES;
				ENABLE_TESTABILITY = YES;
				ENABLE_USER_SCRIPT_SANDBOXING = YES;
				GCC_C_LANGUAGE_STANDARD = gnu17;
				GCC_DYNAMIC_NO_PIC = NO;
				GCC_NO_COMMON_BLOCKS = YES;
				GCC_OPTIMIZATION_LEVEL = 0;
				GCC_PREPROCESSOR_DEFINITIONS = (
					"DEBUG=1",
					"$(inherited)",
				);
				GCC_WARN_64_TO_32_BIT_CONVERSION = YES;
				GCC_WARN_ABOUT_RETURN_TYPE = YES_ERROR;
				GCC_WARN_UNDECLARED_SELECTOR = YES;
				GCC_WARN_UNINITIALIZED_AUTOS = YES_AGGRESSIVE;
				GCC_WARN_UNUSED_FUNCTION = YES;
				GCC_WARN_UNUSED_VARIABLE = YES;
				LOCALIZATION_PREFERS_STRING_CATALOGS = YES;
				MACOSX_DEPLOYMENT_TARGET = 14.2;
				MTL_ENABLE_DEBUG_INFO = INCLUDE_SOURCE;
				MTL_FAST_MATH = YES;
				ONLY_ACTIVE_ARCH = YES;
				SDKROOT = macosx;
				SWIFT_ACTIVE_COMPILATION_CONDITIONS = "DEBUG $(inherited)";
				SWIFT_OPTIMIZATION_LEVEL = "-Onone";
			};
			name = Debug;
		};
		1DB478452B888E1500F9BAD4 /* Release */ = {
			isa = XCBuildConfiguration;
			buildSettings = {
				ALWAYS_SEARCH_USER_PATHS = NO;
				ASSETCATALOG_COMPILER_GENERATE_SWIFT_ASSET_SYMBOL_EXTENSIONS = YES;
				CLANG_ANALYZER_NONNULL = YES;
				CLANG_ANALYZER_NUMBER_OBJECT_CONVERSION = YES_AGGRESSIVE;
				CLANG_CXX_LANGUAGE_STANDARD = "gnu++20";
				CLANG_ENABLE_MODULES = YES;
				CLANG_ENABLE_OBJC_ARC = YES;
				CLANG_ENABLE_OBJC_WEAK = YES;
				CLANG_WARN_BLOCK_CAPTURE_AUTORELEASING = YES;
				CLANG_WARN_BOOL_CONVERSION = YES;
				CLANG_WARN_COMMA = YES;
				CLANG_WARN_CONSTANT_CONVERSION = YES;
				CLANG_WARN_DEPRECATED_OBJC_IMPLEMENTATIONS = YES;
				CLANG_WARN_DIRECT_OBJC_ISA_USAGE = YES_ERROR;
				CLANG_WARN_DOCUMENTATION_COMMENTS = YES;
				CLANG_WARN_EMPTY_BODY = YES;
				CLANG_WARN_ENUM_CONVERSION = YES;
				CLANG_WARN_INFINITE_RECURSION = YES;
				CLANG_WARN_INT_CONVERSION = YES;
				CLANG_WARN_NON_LITERAL_NULL_CONVERSION = YES;
				CLANG_WARN_OBJC_IMPLICIT_RETAIN_SELF = YES;
				CLANG_WARN_OBJC_LITERAL_CONVERSION = YES;
				CLANG_WARN_OBJC_ROOT_CLASS = YES_ERROR;
				CLANG_WARN_QUOTED_INCLUDE_IN_FRAMEWORK_HEADER = YES;
				CLANG_WARN_RANGE_LOOP_ANALYSIS = YES;
				CLANG_WARN_STRICT_PROTOTYPES = YES;
				CLANG_WARN_SUSPICIOUS_MOVE = YES;
				CLANG_WARN_UNGUARDED_AVAILABILITY = YES_AGGRESSIVE;
				CLANG_WARN_UNREACHABLE_CODE = YES;
				CLANG_WARN__DUPLICATE_METHOD_MATCH = YES;
				COPY_PHASE_STRIP = NO;
				DEBUG_INFORMATION_FORMAT = "dwarf-with-dsym";
				ENABLE_NS_ASSERTIONS = NO;
				ENABLE_STRICT_OBJC_MSGSEND = YES;
				ENABLE_USER_SCRIPT_SANDBOXING = YES;
				GCC_C_LANGUAGE_STANDARD = gnu17;
				GCC_NO_COMMON_BLOCKS = YES;
				GCC_WARN_64_TO_32_BIT_CONVERSION = YES;
				GCC_WARN_ABOUT_RETURN_TYPE = YES_ERROR;
				GCC_WARN_UNDECLARED_SELECTOR = YES;
				GCC_WARN_UNINITIALIZED_AUTOS = YES_AGGRESSIVE;
				GCC_WARN_UNUSED_FUNCTION = YES;
				GCC_WARN_UNUSED_VARIABLE = YES;
				LOCALIZATION_PREFERS_STRING_CATALOGS = YES;
				MACOSX_DEPLOYMENT_TARGET = 14.2;
				MTL_ENABLE_DEBUG_INFO = NO;
				MTL_FAST_MATH = YES;
				SDKROOT = macosx;
				SWIFT_COMPILATION_MODE = wholemodule;
			};
			name = Release;
		};
		1DB478472B888E1500F9BAD4 /* Debug */ = {
			isa = XCBuildConfiguration;
			buildSettings = {
				CODE_SIGN_STYLE = Automatic;
				DEVELOPMENT_TEAM = 534V229RMK;
				ENABLE_HARDENED_RUNTIME = YES;
				PRODUCT_NAME = "$(TARGET_NAME)";
				SWIFT_VERSION = 5.0;
			};
			name = Debug;
		};
		1DB478482B888E1500F9BAD4 /* Release */ = {
			isa = XCBuildConfiguration;
			buildSettings = {
				CODE_SIGN_STYLE = Automatic;
				DEVELOPMENT_TEAM = 534V229RMK;
				ENABLE_HARDENED_RUNTIME = YES;
				PRODUCT_NAME = "$(TARGET_NAME)";
				SWIFT_VERSION = 5.0;
			};
			name = Release;
		};
		1DB4787F2B88A33900F9BAD4 /* Debug */ = {
			isa = XCBuildConfiguration;
			buildSettings = {
				CODE_SIGN_STYLE = Automatic;
				COMBINE_HIDPI_IMAGES = YES;
				CURRENT_PROJECT_VERSION = 1;
				DEFINES_MODULE = YES;
				DEVELOPMENT_TEAM = 534V229RMK;
				DYLIB_COMPATIBILITY_VERSION = 1;
				DYLIB_CURRENT_VERSION = 1;
				DYLIB_INSTALL_NAME_BASE = "@rpath";
				ENABLE_MODULE_VERIFIER = YES;
				GENERATE_INFOPLIST_FILE = YES;
				INFOPLIST_KEY_NSHumanReadableCopyright = "";
				INSTALL_PATH = "$(LOCAL_LIBRARY_DIR)/Frameworks";
				LD_RUNPATH_SEARCH_PATHS = (
					"$(inherited)",
					"@executable_path/../Frameworks",
					"@loader_path/Frameworks",
				);
				MARKETING_VERSION = 1.0;
				MODULE_VERIFIER_SUPPORTED_LANGUAGES = "objective-c objective-c++";
				MODULE_VERIFIER_SUPPORTED_LANGUAGE_STANDARDS = "gnu17 gnu++20";
				PRODUCT_BUNDLE_IDENTIFIER = kings.UriFramework;
				PRODUCT_NAME = "$(TARGET_NAME:c99extidentifier)";
				SKIP_INSTALL = YES;
				SWIFT_EMIT_LOC_STRINGS = YES;
				SWIFT_VERSION = 5.0;
				VERSIONING_SYSTEM = "apple-generic";
				VERSION_INFO_PREFIX = "";
			};
			name = Debug;
		};
		1DB478802B88A33900F9BAD4 /* Release */ = {
			isa = XCBuildConfiguration;
			buildSettings = {
				CODE_SIGN_STYLE = Automatic;
				COMBINE_HIDPI_IMAGES = YES;
				CURRENT_PROJECT_VERSION = 1;
				DEFINES_MODULE = YES;
				DEVELOPMENT_TEAM = 534V229RMK;
				DYLIB_COMPATIBILITY_VERSION = 1;
				DYLIB_CURRENT_VERSION = 1;
				DYLIB_INSTALL_NAME_BASE = "@rpath";
				ENABLE_MODULE_VERIFIER = YES;
				GENERATE_INFOPLIST_FILE = YES;
				INFOPLIST_KEY_NSHumanReadableCopyright = "";
				INSTALL_PATH = "$(LOCAL_LIBRARY_DIR)/Frameworks";
				LD_RUNPATH_SEARCH_PATHS = (
					"$(inherited)",
					"@executable_path/../Frameworks",
					"@loader_path/Frameworks",
				);
				MARKETING_VERSION = 1.0;
				MODULE_VERIFIER_SUPPORTED_LANGUAGES = "objective-c objective-c++";
				MODULE_VERIFIER_SUPPORTED_LANGUAGE_STANDARDS = "gnu17 gnu++20";
				PRODUCT_BUNDLE_IDENTIFIER = kings.UriFramework;
				PRODUCT_NAME = "$(TARGET_NAME:c99extidentifier)";
				SKIP_INSTALL = YES;
				SWIFT_EMIT_LOC_STRINGS = YES;
				SWIFT_VERSION = 5.0;
				VERSIONING_SYSTEM = "apple-generic";
				VERSION_INFO_PREFIX = "";
			};
			name = Release;
		};
		1DB478822B88A33900F9BAD4 /* Debug */ = {
			isa = XCBuildConfiguration;
			buildSettings = {
				ALWAYS_EMBED_SWIFT_STANDARD_LIBRARIES = YES;
				CODE_SIGN_STYLE = Automatic;
				CURRENT_PROJECT_VERSION = 1;
				DEVELOPMENT_TEAM = 534V229RMK;
				GENERATE_INFOPLIST_FILE = YES;
				MARKETING_VERSION = 1.0;
				PRODUCT_BUNDLE_IDENTIFIER = kings.UriFrameworkTests;
				PRODUCT_NAME = "$(TARGET_NAME)";
				SWIFT_EMIT_LOC_STRINGS = NO;
				SWIFT_VERSION = 5.0;
			};
			name = Debug;
		};
		1DB478832B88A33900F9BAD4 /* Release */ = {
			isa = XCBuildConfiguration;
			buildSettings = {
				ALWAYS_EMBED_SWIFT_STANDARD_LIBRARIES = YES;
				CODE_SIGN_STYLE = Automatic;
				CURRENT_PROJECT_VERSION = 1;
				DEVELOPMENT_TEAM = 534V229RMK;
				GENERATE_INFOPLIST_FILE = YES;
				MARKETING_VERSION = 1.0;
				PRODUCT_BUNDLE_IDENTIFIER = kings.UriFrameworkTests;
				PRODUCT_NAME = "$(TARGET_NAME)";
				SWIFT_EMIT_LOC_STRINGS = NO;
				SWIFT_VERSION = 5.0;
			};
			name = Release;
		};
/* End XCBuildConfiguration section */

/* Begin XCConfigurationList section */
		1DB4783A2B888E1500F9BAD4 /* Build configuration list for PBXProject "UriExercicios" */ = {
			isa = XCConfigurationList;
			buildConfigurations = (
				1DB478442B888E1500F9BAD4 /* Debug */,
				1DB478452B888E1500F9BAD4 /* Release */,
			);
			defaultConfigurationIsVisible = 0;
			defaultConfigurationName = Release;
		};
		1DB478462B888E1500F9BAD4 /* Build configuration list for PBXNativeTarget "UriExercicios" */ = {
			isa = XCConfigurationList;
			buildConfigurations = (
				1DB478472B888E1500F9BAD4 /* Debug */,
				1DB478482B888E1500F9BAD4 /* Release */,
			);
			defaultConfigurationIsVisible = 0;
			defaultConfigurationName = Release;
		};
		1DB4787E2B88A33900F9BAD4 /* Build configuration list for PBXNativeTarget "UriFramework" */ = {
			isa = XCConfigurationList;
			buildConfigurations = (
				1DB4787F2B88A33900F9BAD4 /* Debug */,
				1DB478802B88A33900F9BAD4 /* Release */,
			);
			defaultConfigurationIsVisible = 0;
			defaultConfigurationName = Release;
		};
		1DB478812B88A33900F9BAD4 /* Build configuration list for PBXNativeTarget "UriFrameworkTests" */ = {
			isa = XCConfigurationList;
			buildConfigurations = (
				1DB478822B88A33900F9BAD4 /* Debug */,
				1DB478832B88A33900F9BAD4 /* Release */,
			);
			defaultConfigurationIsVisible = 0;
			defaultConfigurationName = Release;
		};
/* End XCConfigurationList section */
	};
	rootObject = 1DB478372B888E1500F9BAD4 /* Project object */;
}
